// !$*UTF8*$!
{
	archiveVersion = 1;
	classes = {
	};
	objectVersion = 46;
	objects = {

/* Begin PBXBuildFile section */
		AE4C585C1F530CE200C1302A /* TranhNhanQua1VC.swift in Sources */ = {isa = PBXBuildFile; fileRef = AE4C585B1F530CE200C1302A /* TranhNhanQua1VC.swift */; };
		AE4C585E1F53142800C1302A /* TranhNhanQua2VC.swift in Sources */ = {isa = PBXBuildFile; fileRef = AE4C585D1F53142800C1302A /* TranhNhanQua2VC.swift */; };
		AE4C58601F53170100C1302A /* TranhNhanQua3VC.swift in Sources */ = {isa = PBXBuildFile; fileRef = AE4C585F1F53170100C1302A /* TranhNhanQua3VC.swift */; };
		AE4C58621F53175000C1302A /* TranhNhanQua4VC.swift in Sources */ = {isa = PBXBuildFile; fileRef = AE4C58611F53175000C1302A /* TranhNhanQua4VC.swift */; };
		AE636C241F52955300364CF3 /* AppDelegate.swift in Sources */ = {isa = PBXBuildFile; fileRef = AE636C231F52955300364CF3 /* AppDelegate.swift */; };
		AE636C261F52955300364CF3 /* ViewController.swift in Sources */ = {isa = PBXBuildFile; fileRef = AE636C251F52955300364CF3 /* ViewController.swift */; };
		AE636C291F52955300364CF3 /* Main.storyboard in Resources */ = {isa = PBXBuildFile; fileRef = AE636C271F52955300364CF3 /* Main.storyboard */; };
		AE636C2B1F52955300364CF3 /* Assets.xcassets in Resources */ = {isa = PBXBuildFile; fileRef = AE636C2A1F52955300364CF3 /* Assets.xcassets */; };
		AE636C2E1F52955300364CF3 /* LaunchScreen.storyboard in Resources */ = {isa = PBXBuildFile; fileRef = AE636C2C1F52955300364CF3 /* LaunchScreen.storyboard */; };
		AE636C3E1F52994F00364CF3 /* SWRevealViewController.m in Sources */ = {isa = PBXBuildFile; fileRef = AE636C3D1F52994F00364CF3 /* SWRevealViewController.m */; };
		AE636C401F529E6C00364CF3 /* MenuTableViewController.swift in Sources */ = {isa = PBXBuildFile; fileRef = AE636C3F1F529E6C00364CF3 /* MenuTableViewController.swift */; };
/* End PBXBuildFile section */

/* Begin PBXFileReference section */
		AE4C585B1F530CE200C1302A /* TranhNhanQua1VC.swift */ = {isa = PBXFileReference; fileEncoding = 4; lastKnownFileType = sourcecode.swift; path = TranhNhanQua1VC.swift; sourceTree = "<group>"; };
		AE4C585D1F53142800C1302A /* TranhNhanQua2VC.swift */ = {isa = PBXFileReference; fileEncoding = 4; lastKnownFileType = sourcecode.swift; path = TranhNhanQua2VC.swift; sourceTree = "<group>"; };
		AE4C585F1F53170100C1302A /* TranhNhanQua3VC.swift */ = {isa = PBXFileReference; fileEncoding = 4; lastKnownFileType = sourcecode.swift; path = TranhNhanQua3VC.swift; sourceTree = "<group>"; };
		AE4C58611F53175000C1302A /* TranhNhanQua4VC.swift */ = {isa = PBXFileReference; fileEncoding = 4; lastKnownFileType = sourcecode.swift; path = TranhNhanQua4VC.swift; sourceTree = "<group>"; };
		AE636C201F52955300364CF3 /* NhanQua.app */ = {isa = PBXFileReference; explicitFileType = wrapper.application; includeInIndex = 0; path = NhanQua.app; sourceTree = BUILT_PRODUCTS_DIR; };
		AE636C231F52955300364CF3 /* AppDelegate.swift */ = {isa = PBXFileReference; lastKnownFileType = sourcecode.swift; path = AppDelegate.swift; sourceTree = "<group>"; };
		AE636C251F52955300364CF3 /* ViewController.swift */ = {isa = PBXFileReference; lastKnownFileType = sourcecode.swift; name = ViewController.swift; path = ../ViewController.swift; sourceTree = "<group>"; };
		AE636C281F52955300364CF3 /* Base */ = {isa = PBXFileReference; lastKnownFileType = file.storyboard; name = Base; path = Base.lproj/Main.storyboard; sourceTree = "<group>"; };
		AE636C2A1F52955300364CF3 /* Assets.xcassets */ = {isa = PBXFileReference; lastKnownFileType = folder.assetcatalog; path = Assets.xcassets; sourceTree = "<group>"; };
		AE636C2D1F52955300364CF3 /* Base */ = {isa = PBXFileReference; lastKnownFileType = file.storyboard; name = Base; path = Base.lproj/LaunchScreen.storyboard; sourceTree = "<group>"; };
		AE636C2F1F52955300364CF3 /* Info.plist */ = {isa = PBXFileReference; lastKnownFileType = text.plist.xml; path = Info.plist; sourceTree = "<group>"; };
		AE636C3B1F52994F00364CF3 /* NhanQua-Bridging-Header.h */ = {isa = PBXFileReference; lastKnownFileType = sourcecode.c.h; path = "NhanQua-Bridging-Header.h"; sourceTree = "<group>"; };
		AE636C3C1F52994F00364CF3 /* SWRevealViewController.h */ = {isa = PBXFileReference; fileEncoding = 4; lastKnownFileType = sourcecode.c.h; path = SWRevealViewController.h; sourceTree = "<group>"; };
		AE636C3D1F52994F00364CF3 /* SWRevealViewController.m */ = {isa = PBXFileReference; fileEncoding = 4; lastKnownFileType = sourcecode.c.objc; path = SWRevealViewController.m; sourceTree = "<group>"; };
		AE636C3F1F529E6C00364CF3 /* MenuTableViewController.swift */ = {isa = PBXFileReference; fileEncoding = 4; lastKnownFileType = sourcecode.swift; path = MenuTableViewController.swift; sourceTree = "<group>"; };
/* End PBXFileReference section */

/* Begin PBXFrameworksBuildPhase section */
		AE636C1D1F52955300364CF3 /* Frameworks */ = {
			isa = PBXFrameworksBuildPhase;
			buildActionMask = 2147483647;
			files = (
			);
			runOnlyForDeploymentPostprocessing = 0;
		};
/* End PBXFrameworksBuildPhase section */

/* Begin PBXGroup section */
		AE636C171F52955300364CF3 = {
			isa = PBXGroup;
			children = (
				AE636C221F52955300364CF3 /* NhanQua */,
				AE636C211F52955300364CF3 /* Products */,
			);
			sourceTree = "<group>";
		};
		AE636C211F52955300364CF3 /* Products */ = {
			isa = PBXGroup;
			children = (
				AE636C201F52955300364CF3 /* NhanQua.app */,
			);
			name = Products;
			sourceTree = "<group>";
		};
		AE636C221F52955300364CF3 /* NhanQua */ = {
			isa = PBXGroup;
			children = (
				AE636C3A1F52993700364CF3 /* Library */,
				AE636C391F52963900364CF3 /* View */,
				AE636C381F52963200364CF3 /* Controller */,
				AE636C371F52962900364CF3 /* Model */,
				AE636C231F52955300364CF3 /* AppDelegate.swift */,
				AE636C271F52955300364CF3 /* Main.storyboard */,
				AE636C2A1F52955300364CF3 /* Assets.xcassets */,
				AE636C2C1F52955300364CF3 /* LaunchScreen.storyboard */,
				AE636C2F1F52955300364CF3 /* Info.plist */,
			);
			path = NhanQua;
			sourceTree = "<group>";
		};
		AE636C371F52962900364CF3 /* Model */ = {
			isa = PBXGroup;
			children = (
			);
			path = Model;
			sourceTree = "<group>";
		};
		AE636C381F52963200364CF3 /* Controller */ = {
			isa = PBXGroup;
			children = (
				AE636C251F52955300364CF3 /* ViewController.swift */,
				AE636C3F1F529E6C00364CF3 /* MenuTableViewController.swift */,
				AE4C585B1F530CE200C1302A /* TranhNhanQua1VC.swift */,
				AE4C585D1F53142800C1302A /* TranhNhanQua2VC.swift */,
				AE4C585F1F53170100C1302A /* TranhNhanQua3VC.swift */,
				AE4C58611F53175000C1302A /* TranhNhanQua4VC.swift */,
			);
			path = Controller;
			sourceTree = "<group>";
		};
		AE636C391F52963900364CF3 /* View */ = {
			isa = PBXGroup;
			children = (
			);
			path = View;
			sourceTree = "<group>";
		};
		AE636C3A1F52993700364CF3 /* Library */ = {
			isa = PBXGroup;
			children = (
				AE636C3C1F52994F00364CF3 /* SWRevealViewController.h */,
				AE636C3D1F52994F00364CF3 /* SWRevealViewController.m */,
				AE636C3B1F52994F00364CF3 /* NhanQua-Bridging-Header.h */,
			);
			path = Library;
			sourceTree = "<group>";
		};
/* End PBXGroup section */

/* Begin PBXNativeTarget section */
		AE636C1F1F52955300364CF3 /* NhanQua */ = {
			isa = PBXNativeTarget;
			buildConfigurationList = AE636C321F52955300364CF3 /* Build configuration list for PBXNativeTarget "NhanQua" */;
			buildPhases = (
				AE636C1C1F52955300364CF3 /* Sources */,
				AE636C1D1F52955300364CF3 /* Frameworks */,
				AE636C1E1F52955300364CF3 /* Resources */,
			);
			buildRules = (
			);
			dependencies = (
			);
			name = NhanQua;
			productName = NhanQua;
			productReference = AE636C201F52955300364CF3 /* NhanQua.app */;
			productType = "com.apple.product-type.application";
		};
/* End PBXNativeTarget section */

/* Begin PBXProject section */
		AE636C181F52955300364CF3 /* Project object */ = {
			isa = PBXProject;
			attributes = {
				LastSwiftUpdateCheck = 0830;
				LastUpgradeCheck = 0830;
				ORGANIZATIONNAME = "Rea Won Kim";
				TargetAttributes = {
					AE636C1F1F52955300364CF3 = {
						CreatedOnToolsVersion = 8.3.3;
						DevelopmentTeam = 9M89LZG9KX;
						LastSwiftMigration = 0830;
						ProvisioningStyle = Automatic;
					};
				};
			};
			buildConfigurationList = AE636C1B1F52955300364CF3 /* Build configuration list for PBXProject "NhanQua" */;
			compatibilityVersion = "Xcode 3.2";
			developmentRegion = English;
			hasScannedForEncodings = 0;
			knownRegions = (
				en,
				Base,
			);
			mainGroup = AE636C171F52955300364CF3;
			productRefGroup = AE636C211F52955300364CF3 /* Products */;
			projectDirPath = "";
			projectRoot = "";
			targets = (
				AE636C1F1F52955300364CF3 /* NhanQua */,
			);
		};
/* End PBXProject section */

/* Begin PBXResourcesBuildPhase section */
		AE636C1E1F52955300364CF3 /* Resources */ = {
			isa = PBXResourcesBuildPhase;
			buildActionMask = 2147483647;
			files = (
				AE636C2E1F52955300364CF3 /* LaunchScreen.storyboard in Resources */,
				AE636C2B1F52955300364CF3 /* Assets.xcassets in Resources */,
				AE636C291F52955300364CF3 /* Main.storyboard in Resources */,
			);
			runOnlyForDeploymentPostprocessing = 0;
		};
/* End PBXResourcesBuildPhase section */

/* Begin PBXSourcesBuildPhase section */
		AE636C1C1F52955300364CF3 /* Sources */ = {
			isa = PBXSourcesBuildPhase;
			buildActionMask = 2147483647;
			files = (
				AE636C401F529E6C00364CF3 /* MenuTableViewController.swift in Sources */,
				AE636C261F52955300364CF3 /* ViewController.swift in Sources */,
				AE636C241F52955300364CF3 /* AppDelegate.swift in Sources */,
				AE4C585C1F530CE200C1302A /* TranhNhanQua1VC.swift in Sources */,
				AE4C58601F53170100C1302A /* TranhNhanQua3VC.swift in Sources */,
				AE4C585E1F53142800C1302A /* TranhNhanQua2VC.swift in Sources */,
				AE4C58621F53175000C1302A /* TranhNhanQua4VC.swift in Sources */,
				AE636C3E1F52994F00364CF3 /* SWRevealViewController.m in Sources */,
			);
			runOnlyForDeploymentPostprocessing = 0;
		};
/* End PBXSourcesBuildPhase section */

/* Begin PBXVariantGroup section */
		AE636C271F52955300364CF3 /* Main.storyboard */ = {
			isa = PBXVariantGroup;
			children = (
				AE636C281F52955300364CF3 /* Base */,
			);
			name = Main.storyboard;
			sourceTree = "<group>";
		};
		AE636C2C1F52955300364CF3 /* LaunchScreen.storyboard */ = {
			isa = PBXVariantGroup;
			children = (
				AE636C2D1F52955300364CF3 /* Base */,
			);
			name = LaunchScreen.storyboard;
			sourceTree = "<group>";
		};
/* End PBXVariantGroup section */

/* Begin XCBuildConfiguration section */
		AE636C301F52955300364CF3 /* Debug */ = {
			isa = XCBuildConfiguration;
			buildSettings = {
				ALWAYS_SEARCH_USER_PATHS = NO;
				CLANG_ANALYZER_NONNULL = YES;
				CLANG_ANALYZER_NUMBER_OBJECT_CONVERSION = YES_AGGRESSIVE;
				CLANG_CXX_LANGUAGE_STANDARD = "gnu++0x";
				CLANG_CXX_LIBRARY = "libc++";
				CLANG_ENABLE_MODULES = YES;
				CLANG_ENABLE_OBJC_ARC = YES;
				CLANG_WARN_BOOL_CONVERSION = YES;
				CLANG_WARN_CONSTANT_CONVERSION = YES;
				CLANG_WARN_DIRECT_OBJC_ISA_USAGE = YES_ERROR;
				CLANG_WARN_DOCUMENTATION_COMMENTS = YES;
				CLANG_WARN_EMPTY_BODY = YES;
				CLANG_WARN_ENUM_CONVERSION = YES;
				CLANG_WARN_INFINITE_RECURSION = YES;
				CLANG_WARN_INT_CONVERSION = YES;
				CLANG_WARN_OBJC_ROOT_CLASS = YES_ERROR;
				CLANG_WARN_SUSPICIOUS_MOVE = YES;
				CLANG_WARN_UNREACHABLE_CODE = YES;
				CLANG_WARN__DUPLICATE_METHOD_MATCH = YES;
				"CODE_SIGN_IDENTITY[sdk=iphoneos*]" = "iPhone Developer";
				COPY_PHASE_STRIP = NO;
				DEBUG_INFORMATION_FORMAT = dwarf;
				ENABLE_STRICT_OBJC_MSGSEND = YES;
				ENABLE_TESTABILITY = YES;
				GCC_C_LANGUAGE_STANDARD = gnu99;
				GCC_DYNAMIC_NO_PIC = NO;
				GCC_NO_COMMON_BLOCKS = YES;
				GCC_OPTIMIZATION_LEVEL = 0;
				GCC_PREPROCESSOR_DEFINITIONS = (
					"DEBUG=1",
					"$(inherited)",
				);
				GCC_WARN_64_TO_32_BIT_CONVERSION = YES;
				GCC_WARN_ABOUT_RETURN_TYPE = YES_ERROR;
				GCC_WARN_UNDECLARED_SELECTOR = YES;
				GCC_WARN_UNINITIALIZED_AUTOS = YES_AGGRESSIVE;
				GCC_WARN_UNUSED_FUNCTION = YES;
				GCC_WARN_UNUSED_VARIABLE = YES;
				IPHONEOS_DEPLOYMENT_TARGET = 10.3;
				MTL_ENABLE_DEBUG_INFO = YES;
				ONLY_ACTIVE_ARCH = YES;
				SDKROOT = iphoneos;
				SWIFT_ACTIVE_COMPILATION_CONDITIONS = DEBUG;
				SWIFT_OPTIMIZATION_LEVEL = "-Onone";
				TARGETED_DEVICE_FAMILY = "1,2";
			};
			name = Debug;
		};
		AE636C311F52955300364CF3 /* Release */ = {
			isa = XCBuildConfiguration;
			buildSettings = {
				ALWAYS_SEARCH_USER_PATHS = NO;
				CLANG_ANALYZER_NONNULL = YES;
				CLANG_ANALYZER_NUMBER_OBJECT_CONVERSION = YES_AGGRESSIVE;
				CLANG_CXX_LANGUAGE_STANDARD = "gnu++0x";
				CLANG_CXX_LIBRARY = "libc++";
				CLANG_ENABLE_MODULES = YES;
				CLANG_ENABLE_OBJC_ARC = YES;
				CLANG_WARN_BOOL_CONVERSION = YES;
				CLANG_WARN_CONSTANT_CONVERSION = YES;
				CLANG_WARN_DIRECT_OBJC_ISA_USAGE = YES_ERROR;
				CLANG_WARN_DOCUMENTATION_COMMENTS = YES;
				CLANG_WARN_EMPTY_BODY = YES;
				CLANG_WARN_ENUM_CONVERSION = YES;
				CLANG_WARN_INFINITE_RECURSION = YES;
				CLANG_WARN_INT_CONVERSION = YES;
				CLANG_WARN_OBJC_ROOT_CLASS = YES_ERROR;
				CLANG_WARN_SUSPICIOUS_MOVE = YES;
				CLANG_WARN_UNREACHABLE_CODE = YES;
				CLANG_WARN__DUPLICATE_METHOD_MATCH = YES;
				"CODE_SIGN_IDENTITY[sdk=iphoneos*]" = "iPhone Developer";
				COPY_PHASE_STRIP = NO;
				DEBUG_INFORMATION_FORMAT = "dwarf-with-dsym";
				ENABLE_NS_ASSERTIONS = NO;
				ENABLE_STRICT_OBJC_MSGSEND = YES;
				GCC_C_LANGUAGE_STANDARD = gnu99;
				GCC_NO_COMMON_BLOCKS = YES;
				GCC_WARN_64_TO_32_BIT_CONVERSION = YES;
				GCC_WARN_ABOUT_RETURN_TYPE = YES_ERROR;
				GCC_WARN_UNDECLARED_SELECTOR = YES;
				GCC_WARN_UNINITIALIZED_AUTOS = YES_AGGRESSIVE;
				GCC_WARN_UNUSED_FUNCTION = YES;
				GCC_WARN_UNUSED_VARIABLE = YES;
				IPHONEOS_DEPLOYMENT_TARGET = 10.3;
				MTL_ENABLE_DEBUG_INFO = NO;
				SDKROOT = iphoneos;
				SWIFT_OPTIMIZATION_LEVEL = "-Owholemodule";
				TARGETED_DEVICE_FAMILY = "1,2";
				VALIDATE_PRODUCT = YES;
			};
			name = Release;
		};
		AE636C331F52955300364CF3 /* Debug */ = {
			isa = XCBuildConfiguration;
			buildSettings = {
				ASSETCATALOG_COMPILER_APPICON_NAME = AppIcon;
				CLANG_ENABLE_MODULES = YES;
				DEVELOPMENT_TEAM = 9M89LZG9KX;
				INFOPLIST_FILE = NhanQua/Info.plist;
				LD_RUNPATH_SEARCH_PATHS = "$(inherited) @executable_path/Frameworks";
				PRODUCT_BUNDLE_IDENTIFIER = ReaWonKim.NhanQua;
				PRODUCT_NAME = "$(TARGET_NAME)";
				SWIFT_OBJC_BRIDGING_HEADER = "NhanQua/Library/NhanQua-Bridging-Header.h";
				SWIFT_OPTIMIZATION_LEVEL = "-Onone";
				SWIFT_VERSION = 3.0;
			};
			name = Debug;
		};
		AE636C341F52955300364CF3 /* Release */ = {
			isa = XCBuildConfiguration;
			buildSettings = {
				ASSETCATALOG_COMPILER_APPICON_NAME = AppIcon;
				CLANG_ENABLE_MODULES = YES;
				DEVELOPMENT_TEAM = 9M89LZG9KX;
				INFOPLIST_FILE = NhanQua/Info.plist;
				LD_RUNPATH_SEARCH_PATHS = "$(inherited) @executable_path/Frameworks";
				PRODUCT_BUNDLE_IDENTIFIER = ReaWonKim.NhanQua;
				PRODUCT_NAME = "$(TARGET_NAME)";
				SWIFT_OBJC_BRIDGING_HEADER = "NhanQua/Library/NhanQua-Bridging-Header.h";
				SWIFT_VERSION = 3.0;
			};
			name = Release;
		};
/* End XCBuildConfiguration section */

/* Begin XCConfigurationList section */
		AE636C1B1F52955300364CF3 /* Build configuration list for PBXProject "NhanQua" */ = {
			isa = XCConfigurationList;
			buildConfigurations = (
				AE636C301F52955300364CF3 /* Debug */,
				AE636C311F52955300364CF3 /* Release */,
			);
			defaultConfigurationIsVisible = 0;
			defaultConfigurationName = Release;
		};
		AE636C321F52955300364CF3 /* Build configuration list for PBXNativeTarget "NhanQua" */ = {
			isa = XCConfigurationList;
			buildConfigurations = (
				AE636C331F52955300364CF3 /* Debug */,
				AE636C341F52955300364CF3 /* Release */,
			);
			defaultConfigurationIsVisible = 0;
			defaultConfigurationName = Release;
		};
/* End XCConfigurationList section */
	};
	rootObject = AE636C181F52955300364CF3 /* Project object */;
}
