PODS:
  - AssistantKit (0.1.1)
  - Firebase (3.17.0):
    - Firebase/Core (= 3.17.0)
  - Firebase/Core (3.17.0):
    - FirebaseAnalytics (= 3.9.0)
    - FirebaseCore (= 3.6.0)
  - Firebase/Messaging (3.17.0):
    - Firebase/Core
    - FirebaseMessaging (= 1.2.3)
  - FirebaseAnalytics (3.9.0):
    - FirebaseCore (~> 3.6)
    - FirebaseInstanceID (~> 1.0)
    - GoogleToolboxForMac/NSData+zlib (~> 2.1)
  - FirebaseCore (3.6.0):
    - GoogleToolboxForMac/NSData+zlib (~> 2.1)
  - FirebaseInstanceID (1.0.10):
    - FirebaseCore (~> 3.6)
  - FirebaseMessaging (1.2.3):
    - FirebaseAnalytics (~> 3.8)
    - FirebaseInstanceID (~> 1.0)
    - GoogleToolboxForMac/Logger (~> 2.1)
    - Protobuf (~> 3.1)
  - GoogleToolboxForMac/Defines (2.1.1)
  - GoogleToolboxForMac/Logger (2.1.1):
    - GoogleToolboxForMac/Defines (= 2.1.1)
  - GoogleToolboxForMac/NSData+zlib (2.1.1):
    - GoogleToolboxForMac/Defines (= 2.1.1)
  - Protobuf (3.2.1)
  - SDWebImage (4.0.0):
    - SDWebImage/Core (= 4.0.0)
  - SDWebImage/Core (4.0.0)
  - Siren (2.0.2)
  - SMWebView (1.0)
  - SnapKit (3.2.0)
  - SVProgressHUD (2.1.2)

DEPENDENCIES:
  - AssistantKit
  - Firebase
  - Firebase/Core
  - Firebase/Messaging
  - SDWebImage
  - Siren
  - SMWebView
  - SnapKit (~> 3.2.0)
  - SVProgressHUD

SPEC CHECKSUMS:
  AssistantKit: d63f1beb8680c369d89b8d7406b025461b77336d
  Firebase: 4b66b5b59c43edac745b87f0c87e42cdd0279c13
  FirebaseAnalytics: e5fe8486efc01bec33f6bf82e2fa9fce4b124052
  FirebaseCore: 9691ee2ade70c098d7cf92440f4303f16d83ca75
  FirebaseInstanceID: b9eedd6846fb5e1f0f7279e1deaa7a7e4cf8392e
  FirebaseMessaging: 753d05a925e9eb8eadd09a0ffc9b808578b72fac
  GoogleToolboxForMac: 8e329f1b599f2512c6b10676d45736bcc2cbbeb0
  Protobuf: 2ccbaf193f6c65adc67745453ca0c13234c32796
  SDWebImage: 76a6348bdc74eb5a55dd08a091ef298e56b55e41
  Siren: 33994aad31aab24344689b3a918d0a9d9eede2e2
  SMWebView: 603d4c80f255c75f03a58570f815c5dbdc37bcd1
  SnapKit: 1ca44df72cfa543218d177cb8aab029d10d86ea7
  SVProgressHUD: c404a55d78acbeb7ebb78b76d3faf986475a6994

PODFILE CHECKSUM: bec32b65fad207300869fc0f572a2c68bc393b63

COCOAPODS: 1.1.1
